{
  "nodes": {
    "getreuer_modules": {
      "flake": false,
      "locked": {
        "lastModified": 1770237185,
        "narHash": "sha256-zxFaCAbCiyCPVwDf0GZPAUhtm3flETAK7ULiEpW1fLc=",
        "owner": "getreuer",
        "repo": "qmk-modules",
        "rev": "36c8e828d568d2717c1ca8f04ae2f06fa7a02866",
        "type": "github"
      },
      "original": {
        "owner": "getreuer",
        "repo": "qmk-modules",
        "type": "github"
      }
    },
    "nixpkgs": {
      "locked": {
        "lastModified": 1772963539,
        "narHash": "sha256-9jVDGZnvCckTGdYT53d/EfznygLskyLQXYwJLKMPsZs=",
        "owner": "nixos",
        "repo": "nixpkgs",
        "rev": "9dcb002ca1690658be4a04645215baea8b95f31d",
        "type": "github"
      },
      "original": {
        "owner": "nixos",
        "ref": "nixos-unstable",
        "repo": "nixpkgs",
        "type": "github"
      }
    },
    "qmk_firmware": {
      "flake": false,
      "locked": {
        "lastModified": 1773093642,
        "narHash": "sha256-UOn2g4OjkDZDY26RpoVB67PxWwf8yhjTFe7dYXrqCNo=",
        "ref": "refs/tags/0.32.1",
        "rev": "40e81ad8932f8ee820d15924f87e898994f57300",
        "revCount": 29376,
        "submodules": true,
        "type": "git",
        "url": "https://github.com/qmk/qmk_firmware"
      },
      "original": {
        "ref": "refs/tags/0.32.1",
        "submodules": true,
        "type": "git",
        "url": "https://github.com/qmk/qmk_firmware"
      }
    },
    "qmkfmt": {
      "flake": false,
      "locked": {
        "lastModified": 1767046019,
        "narHash": "sha256-X2vXQqBUO+4H+sF+Tak6ksTE9Jv3o56fPImJhdH5x40=",
        "owner": "rcorre",
        "repo": "qmkfmt",
        "rev": "d856c624672a999c7dbbc198bed4793f597d6949",
        "type": "github"
      },
      "original": {
        "owner": "rcorre",
        "ref": "v0.3.0",
        "repo": "qmkfmt",
        "type": "github"
      }
    },
    "root": {
      "inputs": {
        "getreuer_modules": "getreuer_modules",
        "nixpkgs": "nixpkgs",
        "qmk_firmware": "qmk_firmware",
        "qmkfmt": "qmkfmt"
      }
    }
  },
  "root": "root",
  "version": 7
}
