{
  "nodes": {
    "getreuer_modules": {
      "flake": false,
      "locked": {
        "lastModified": 1765141038,
        "narHash": "sha256-T09KqSb5/DGQKl66jC2XFXfPwMmzXDfZ6yUSG4kK/d8=",
        "owner": "getreuer",
        "repo": "qmk-modules",
        "rev": "d2b5ee0d6597e71fa53f772ade2aef436014b1e2",
        "type": "github"
      },
      "original": {
        "owner": "getreuer",
        "repo": "qmk-modules",
        "type": "github"
      }
    },
    "nixpkgs": {
      "locked": {
        "lastModified": 1767379071,
        "narHash": "sha256-EgE0pxsrW9jp9YFMkHL9JMXxcqi/OoumPJYwf+Okucw=",
        "owner": "nixos",
        "repo": "nixpkgs",
        "rev": "fb7944c166a3b630f177938e478f0378e64ce108",
        "type": "github"
      },
      "original": {
        "owner": "nixos",
        "ref": "nixos-unstable",
        "repo": "nixpkgs",
        "type": "github"
      }
    },
    "qmk_firmware": {
      "flake": false,
      "locked": {
        "lastModified": 1767469529,
        "narHash": "sha256-bhdKPMU/DdAPnASSp1yNJxf6D6MSXNcJXp5AykBSXlk=",
        "ref": "refs/tags/0.31.6",
        "rev": "91a9f9e49263dbb04a0c54a2664d5115623009aa",
        "revCount": 29248,
        "submodules": true,
        "type": "git",
        "url": "https://github.com/qmk/qmk_firmware"
      },
      "original": {
        "ref": "refs/tags/0.31.6",
        "submodules": true,
        "type": "git",
        "url": "https://github.com/qmk/qmk_firmware"
      }
    },
    "qmkfmt": {
      "flake": false,
      "locked": {
        "lastModified": 1767046019,
        "narHash": "sha256-X2vXQqBUO+4H+sF+Tak6ksTE9Jv3o56fPImJhdH5x40=",
        "owner": "rcorre",
        "repo": "qmkfmt",
        "rev": "d856c624672a999c7dbbc198bed4793f597d6949",
        "type": "github"
      },
      "original": {
        "owner": "rcorre",
        "ref": "v0.3.0",
        "repo": "qmkfmt",
        "type": "github"
      }
    },
    "root": {
      "inputs": {
        "getreuer_modules": "getreuer_modules",
        "nixpkgs": "nixpkgs",
        "qmk_firmware": "qmk_firmware",
        "qmkfmt": "qmkfmt"
      }
    }
  },
  "root": "root",
  "version": 7
}
